// !$*UTF8*$!
{
	archiveVersion = 1;
	classes = {
	};
	objectVersion = 56;
	objects = {

/* Begin PBXBuildFile section */
		68179A242AFCEABF0075C2A8 /* MarvelComicsAppTests.swift in Sources */ = {isa = PBXBuildFile; fileRef = 68179A232AFCEABF0075C2A8 /* MarvelComicsAppTests.swift */; };
		68179A2B2AFCF48F0075C2A8 /* MainControllerViewTests.swift in Sources */ = {isa = PBXBuildFile; fileRef = 68179A2A2AFCF48F0075C2A8 /* MainControllerViewTests.swift */; };
		68179A2D2AFCF4C80075C2A8 /* DetailsViewControllerTests.swift in Sources */ = {isa = PBXBuildFile; fileRef = 68179A2C2AFCF4C80075C2A8 /* DetailsViewControllerTests.swift */; };
		68179A2F2AFD324A0075C2A8 /* MainViewModel.swift in Sources */ = {isa = PBXBuildFile; fileRef = 68179A2E2AFD324A0075C2A8 /* MainViewModel.swift */; };
		68179A312AFD32630075C2A8 /* DetailsViewModel.swift in Sources */ = {isa = PBXBuildFile; fileRef = 68179A302AFD32630075C2A8 /* DetailsViewModel.swift */; };
		685DE4472AF121FE00688E3A /* DetailsViewController.swift in Sources */ = {isa = PBXBuildFile; fileRef = 685DE4462AF121FE00688E3A /* DetailsViewController.swift */; };
		685E44062AEA6BB100D19541 /* Urls.swift in Sources */ = {isa = PBXBuildFile; fileRef = 685E44052AEA6BB100D19541 /* Urls.swift */; };
		685E44082AEA6F5700D19541 /* APICharacterInfo.swift in Sources */ = {isa = PBXBuildFile; fileRef = 685E44072AEA6F5700D19541 /* APICharacterInfo.swift */; };
		685E440D2AEAAF2500D19541 /* MainWebservice.swift in Sources */ = {isa = PBXBuildFile; fileRef = 685E440C2AEAAF2500D19541 /* MainWebservice.swift */; };
		685EF20A2AF3FE4400A84556 /* InfoFormatting.swift in Sources */ = {isa = PBXBuildFile; fileRef = 685EF2092AF3FE4400A84556 /* InfoFormatting.swift */; };
		686E1F0F2AFC0161002D05A4 /* IndicatorView.swift in Sources */ = {isa = PBXBuildFile; fileRef = 686E1F0E2AFC0160002D05A4 /* IndicatorView.swift */; };
		687A309C2AF5060600AAD283 /* CharacterThumbnailCell.swift in Sources */ = {isa = PBXBuildFile; fileRef = 687A309B2AF5060600AAD283 /* CharacterThumbnailCell.swift */; };
		687A309E2AF55DE700AAD283 /* APIDetailsInfo.swift in Sources */ = {isa = PBXBuildFile; fileRef = 687A309D2AF55DE700AAD283 /* APIDetailsInfo.swift */; };
		68843B262AF8F40A00138215 /* DetailsCell.swift in Sources */ = {isa = PBXBuildFile; fileRef = 68843B252AF8F40A00138215 /* DetailsCell.swift */; };
		68C58A5C2AE822B600C473FA /* AppDelegate.swift in Sources */ = {isa = PBXBuildFile; fileRef = 68C58A5B2AE822B600C473FA /* AppDelegate.swift */; };
		68C58A5E2AE822B600C473FA /* SceneDelegate.swift in Sources */ = {isa = PBXBuildFile; fileRef = 68C58A5D2AE822B600C473FA /* SceneDelegate.swift */; };
		68C58A602AE822B600C473FA /* MainViewController.swift in Sources */ = {isa = PBXBuildFile; fileRef = 68C58A5F2AE822B600C473FA /* MainViewController.swift */; };
		68CD2C452AFAA51B00FB60A9 /* DetailsWebservice.swift in Sources */ = {isa = PBXBuildFile; fileRef = 68CD2C442AFAA51B00FB60A9 /* DetailsWebservice.swift */; };
/* End PBXBuildFile section */

/* Begin PBXContainerItemProxy section */
		68179A252AFCEABF0075C2A8 /* PBXContainerItemProxy */ = {
			isa = PBXContainerItemProxy;
			containerPortal = 68C58A502AE822B600C473FA /* Project object */;
			proxyType = 1;
			remoteGlobalIDString = 68C58A572AE822B600C473FA;
			remoteInfo = MarvelComicsApp;
		};
/* End PBXContainerItemProxy section */

/* Begin PBXFileReference section */
		68073B5D2AEBCD7400CA4C16 /* Directions.JSON */ = {isa = PBXFileReference; lastKnownFileType = text.json; path = Directions.JSON; sourceTree = "<group>"; };
		68179A212AFCEABF0075C2A8 /* MarvelComicsAppTests.xctest */ = {isa = PBXFileReference; explicitFileType = wrapper.cfbundle; includeInIndex = 0; path = MarvelComicsAppTests.xctest; sourceTree = BUILT_PRODUCTS_DIR; };
		68179A232AFCEABF0075C2A8 /* MarvelComicsAppTests.swift */ = {isa = PBXFileReference; lastKnownFileType = sourcecode.swift; path = MarvelComicsAppTests.swift; sourceTree = "<group>"; };
		68179A2A2AFCF48F0075C2A8 /* MainControllerViewTests.swift */ = {isa = PBXFileReference; lastKnownFileType = sourcecode.swift; path = MainControllerViewTests.swift; sourceTree = "<group>"; };
		68179A2C2AFCF4C80075C2A8 /* DetailsViewControllerTests.swift */ = {isa = PBXFileReference; lastKnownFileType = sourcecode.swift; path = DetailsViewControllerTests.swift; sourceTree = "<group>"; };
		68179A2E2AFD324A0075C2A8 /* MainViewModel.swift */ = {isa = PBXFileReference; lastKnownFileType = sourcecode.swift; path = MainViewModel.swift; sourceTree = "<group>"; };
		68179A302AFD32630075C2A8 /* DetailsViewModel.swift */ = {isa = PBXFileReference; lastKnownFileType = sourcecode.swift; path = DetailsViewModel.swift; sourceTree = "<group>"; };
		685DE4462AF121FE00688E3A /* DetailsViewController.swift */ = {isa = PBXFileReference; lastKnownFileType = sourcecode.swift; path = DetailsViewController.swift; sourceTree = "<group>"; };
		685E44052AEA6BB100D19541 /* Urls.swift */ = {isa = PBXFileReference; lastKnownFileType = sourcecode.swift; path = Urls.swift; sourceTree = "<group>"; };
		685E44072AEA6F5700D19541 /* APICharacterInfo.swift */ = {isa = PBXFileReference; lastKnownFileType = sourcecode.swift; path = APICharacterInfo.swift; sourceTree = "<group>"; };
		685E440C2AEAAF2500D19541 /* MainWebservice.swift */ = {isa = PBXFileReference; lastKnownFileType = sourcecode.swift; path = MainWebservice.swift; sourceTree = "<group>"; };
		685EF2092AF3FE4400A84556 /* InfoFormatting.swift */ = {isa = PBXFileReference; lastKnownFileType = sourcecode.swift; path = InfoFormatting.swift; sourceTree = "<group>"; };
		686E1F0E2AFC0160002D05A4 /* IndicatorView.swift */ = {isa = PBXFileReference; lastKnownFileType = sourcecode.swift; path = IndicatorView.swift; sourceTree = "<group>"; };
		687A309B2AF5060600AAD283 /* CharacterThumbnailCell.swift */ = {isa = PBXFileReference; lastKnownFileType = sourcecode.swift; path = CharacterThumbnailCell.swift; sourceTree = "<group>"; };
		687A309D2AF55DE700AAD283 /* APIDetailsInfo.swift */ = {isa = PBXFileReference; lastKnownFileType = sourcecode.swift; path = APIDetailsInfo.swift; sourceTree = "<group>"; };
		68843B252AF8F40A00138215 /* DetailsCell.swift */ = {isa = PBXFileReference; lastKnownFileType = sourcecode.swift; path = DetailsCell.swift; sourceTree = "<group>"; };
		68C58A582AE822B600C473FA /* MarvelComicsApp.app */ = {isa = PBXFileReference; explicitFileType = wrapper.application; includeInIndex = 0; path = MarvelComicsApp.app; sourceTree = BUILT_PRODUCTS_DIR; };
		68C58A5B2AE822B600C473FA /* AppDelegate.swift */ = {isa = PBXFileReference; lastKnownFileType = sourcecode.swift; path = AppDelegate.swift; sourceTree = "<group>"; };
		68C58A5D2AE822B600C473FA /* SceneDelegate.swift */ = {isa = PBXFileReference; lastKnownFileType = sourcecode.swift; path = SceneDelegate.swift; sourceTree = "<group>"; };
		68C58A5F2AE822B600C473FA /* MainViewController.swift */ = {isa = PBXFileReference; lastKnownFileType = sourcecode.swift; path = MainViewController.swift; sourceTree = "<group>"; };
		68C58A692AE822B800C473FA /* Info.plist */ = {isa = PBXFileReference; lastKnownFileType = text.plist.xml; path = Info.plist; sourceTree = "<group>"; };
		68CD2C442AFAA51B00FB60A9 /* DetailsWebservice.swift */ = {isa = PBXFileReference; lastKnownFileType = sourcecode.swift; path = DetailsWebservice.swift; sourceTree = "<group>"; };
/* End PBXFileReference section */

/* Begin PBXFrameworksBuildPhase section */
		68179A1E2AFCEABF0075C2A8 /* Frameworks */ = {
			isa = PBXFrameworksBuildPhase;
			buildActionMask = 2147483647;
			files = (
			);
			runOnlyForDeploymentPostprocessing = 0;
		};
		68C58A552AE822B600C473FA /* Frameworks */ = {
			isa = PBXFrameworksBuildPhase;
			buildActionMask = 2147483647;
			files = (
			);
			runOnlyForDeploymentPostprocessing = 0;
		};
/* End PBXFrameworksBuildPhase section */

/* Begin PBXGroup section */
		68179A222AFCEABF0075C2A8 /* MarvelComicsAppTests */ = {
			isa = PBXGroup;
			children = (
				68179A232AFCEABF0075C2A8 /* MarvelComicsAppTests.swift */,
				68179A2A2AFCF48F0075C2A8 /* MainControllerViewTests.swift */,
				68179A2C2AFCF4C80075C2A8 /* DetailsViewControllerTests.swift */,
			);
			path = MarvelComicsAppTests;
			sourceTree = "<group>";
		};
		685DE4482AF175E200688E3A /* ViewModels */ = {
			isa = PBXGroup;
			children = (
				68179A2E2AFD324A0075C2A8 /* MainViewModel.swift */,
				68179A302AFD32630075C2A8 /* DetailsViewModel.swift */,
			);
			path = ViewModels;
			sourceTree = "<group>";
		};
		685E44092AEA7BF800D19541 /* App Delegate */ = {
			isa = PBXGroup;
			children = (
				68C58A5B2AE822B600C473FA /* AppDelegate.swift */,
				68C58A5D2AE822B600C473FA /* SceneDelegate.swift */,
			);
			path = "App Delegate";
			sourceTree = "<group>";
		};
		685E440A2AEA7C3C00D19541 /* Resources */ = {
			isa = PBXGroup;
			children = (
				68C58A692AE822B800C473FA /* Info.plist */,
			);
			path = Resources;
			sourceTree = "<group>";
		};
		685E440B2AEAAECF00D19541 /* Services */ = {
			isa = PBXGroup;
			children = (
				685E440C2AEAAF2500D19541 /* MainWebservice.swift */,
				68CD2C442AFAA51B00FB60A9 /* DetailsWebservice.swift */,
			);
			path = Services;
			sourceTree = "<group>";
		};
		686CCCF22AE91741003F8D80 /* Views */ = {
			isa = PBXGroup;
			children = (
				687A309B2AF5060600AAD283 /* CharacterThumbnailCell.swift */,
				68843B252AF8F40A00138215 /* DetailsCell.swift */,
				686E1F0E2AFC0160002D05A4 /* IndicatorView.swift */,
			);
			path = Views;
			sourceTree = "<group>";
		};
		686CCCF32AE91751003F8D80 /* Controllers */ = {
			isa = PBXGroup;
			children = (
				68C58A5F2AE822B600C473FA /* MainViewController.swift */,
				685DE4462AF121FE00688E3A /* DetailsViewController.swift */,
			);
			path = Controllers;
			sourceTree = "<group>";
		};
		686CCCF42AE9175C003F8D80 /* Models */ = {
			isa = PBXGroup;
			children = (
				685E44072AEA6F5700D19541 /* APICharacterInfo.swift */,
				685EF2092AF3FE4400A84556 /* InfoFormatting.swift */,
				687A309D2AF55DE700AAD283 /* APIDetailsInfo.swift */,
			);
			path = Models;
			sourceTree = "<group>";
		};
		686CCCFB2AE99195003F8D80 /* Utils */ = {
			isa = PBXGroup;
			children = (
				685E44052AEA6BB100D19541 /* Urls.swift */,
				68073B5D2AEBCD7400CA4C16 /* Directions.JSON */,
			);
			path = Utils;
			sourceTree = "<group>";
		};
		68C58A4F2AE822B600C473FA = {
			isa = PBXGroup;
			children = (
				68C58A5A2AE822B600C473FA /* MarvelComicsApp */,
				68179A222AFCEABF0075C2A8 /* MarvelComicsAppTests */,
				68C58A592AE822B600C473FA /* Products */,
			);
			sourceTree = "<group>";
		};
		68C58A592AE822B600C473FA /* Products */ = {
			isa = PBXGroup;
			children = (
				68C58A582AE822B600C473FA /* MarvelComicsApp.app */,
				68179A212AFCEABF0075C2A8 /* MarvelComicsAppTests.xctest */,
			);
			name = Products;
			sourceTree = "<group>";
		};
		68C58A5A2AE822B600C473FA /* MarvelComicsApp */ = {
			isa = PBXGroup;
			children = (
				685DE4482AF175E200688E3A /* ViewModels */,
				685E440B2AEAAECF00D19541 /* Services */,
				686CCCFB2AE99195003F8D80 /* Utils */,
				686CCCF42AE9175C003F8D80 /* Models */,
				686CCCF32AE91751003F8D80 /* Controllers */,
				686CCCF22AE91741003F8D80 /* Views */,
				685E44092AEA7BF800D19541 /* App Delegate */,
				685E440A2AEA7C3C00D19541 /* Resources */,
			);
			path = MarvelComicsApp;
			sourceTree = "<group>";
		};
/* End PBXGroup section */

/* Begin PBXNativeTarget section */
		68179A202AFCEABF0075C2A8 /* MarvelComicsAppTests */ = {
			isa = PBXNativeTarget;
			buildConfigurationList = 68179A292AFCEABF0075C2A8 /* Build configuration list for PBXNativeTarget "MarvelComicsAppTests" */;
			buildPhases = (
				68179A1D2AFCEABF0075C2A8 /* Sources */,
				68179A1E2AFCEABF0075C2A8 /* Frameworks */,
				68179A1F2AFCEABF0075C2A8 /* Resources */,
			);
			buildRules = (
			);
			dependencies = (
				68179A262AFCEABF0075C2A8 /* PBXTargetDependency */,
			);
			name = MarvelComicsAppTests;
			productName = MarvelComicsAppTests;
			productReference = 68179A212AFCEABF0075C2A8 /* MarvelComicsAppTests.xctest */;
			productType = "com.apple.product-type.bundle.unit-test";
		};
		68C58A572AE822B600C473FA /* MarvelComicsApp */ = {
			isa = PBXNativeTarget;
			buildConfigurationList = 68C58A6C2AE822B800C473FA /* Build configuration list for PBXNativeTarget "MarvelComicsApp" */;
			buildPhases = (
				68C58A542AE822B600C473FA /* Sources */,
				68C58A552AE822B600C473FA /* Frameworks */,
				68C58A562AE822B600C473FA /* Resources */,
			);
			buildRules = (
			);
			dependencies = (
			);
			name = MarvelComicsApp;
			productName = MarvelComicsApp;
			productReference = 68C58A582AE822B600C473FA /* MarvelComicsApp.app */;
			productType = "com.apple.product-type.application";
		};
/* End PBXNativeTarget section */

/* Begin PBXProject section */
		68C58A502AE822B600C473FA /* Project object */ = {
			isa = PBXProject;
			attributes = {
				BuildIndependentTargetsInParallel = 1;
				LastSwiftUpdateCheck = 1430;
				LastUpgradeCheck = 1430;
				TargetAttributes = {
					68179A202AFCEABF0075C2A8 = {
						CreatedOnToolsVersion = 14.3.1;
						TestTargetID = 68C58A572AE822B600C473FA;
					};
					68C58A572AE822B600C473FA = {
						CreatedOnToolsVersion = 14.3.1;
					};
				};
			};
			buildConfigurationList = 68C58A532AE822B600C473FA /* Build configuration list for PBXProject "MarvelComicsApp" */;
			compatibilityVersion = "Xcode 14.0";
			developmentRegion = en;
			hasScannedForEncodings = 0;
			knownRegions = (
				en,
				Base,
			);
			mainGroup = 68C58A4F2AE822B600C473FA;
			productRefGroup = 68C58A592AE822B600C473FA /* Products */;
			projectDirPath = "";
			projectRoot = "";
			targets = (
				68C58A572AE822B600C473FA /* MarvelComicsApp */,
				68179A202AFCEABF0075C2A8 /* MarvelComicsAppTests */,
			);
		};
/* End PBXProject section */

/* Begin PBXResourcesBuildPhase section */
		68179A1F2AFCEABF0075C2A8 /* Resources */ = {
			isa = PBXResourcesBuildPhase;
			buildActionMask = 2147483647;
			files = (
			);
			runOnlyForDeploymentPostprocessing = 0;
		};
		68C58A562AE822B600C473FA /* Resources */ = {
			isa = PBXResourcesBuildPhase;
			buildActionMask = 2147483647;
			files = (
			);
			runOnlyForDeploymentPostprocessing = 0;
		};
/* End PBXResourcesBuildPhase section */

/* Begin PBXSourcesBuildPhase section */
		68179A1D2AFCEABF0075C2A8 /* Sources */ = {
			isa = PBXSourcesBuildPhase;
			buildActionMask = 2147483647;
			files = (
				68179A2D2AFCF4C80075C2A8 /* DetailsViewControllerTests.swift in Sources */,
				68179A242AFCEABF0075C2A8 /* MarvelComicsAppTests.swift in Sources */,
				68179A2B2AFCF48F0075C2A8 /* MainControllerViewTests.swift in Sources */,
			);
			runOnlyForDeploymentPostprocessing = 0;
		};
		68C58A542AE822B600C473FA /* Sources */ = {
			isa = PBXSourcesBuildPhase;
			buildActionMask = 2147483647;
			files = (
				68843B262AF8F40A00138215 /* DetailsCell.swift in Sources */,
				687A309E2AF55DE700AAD283 /* APIDetailsInfo.swift in Sources */,
				68179A312AFD32630075C2A8 /* DetailsViewModel.swift in Sources */,
				687A309C2AF5060600AAD283 /* CharacterThumbnailCell.swift in Sources */,
				686E1F0F2AFC0161002D05A4 /* IndicatorView.swift in Sources */,
				685E440D2AEAAF2500D19541 /* MainWebservice.swift in Sources */,
				685EF20A2AF3FE4400A84556 /* InfoFormatting.swift in Sources */,
				68C58A602AE822B600C473FA /* MainViewController.swift in Sources */,
				68179A2F2AFD324A0075C2A8 /* MainViewModel.swift in Sources */,
				68C58A5C2AE822B600C473FA /* AppDelegate.swift in Sources */,
				68CD2C452AFAA51B00FB60A9 /* DetailsWebservice.swift in Sources */,
				685E44082AEA6F5700D19541 /* APICharacterInfo.swift in Sources */,
				68C58A5E2AE822B600C473FA /* SceneDelegate.swift in Sources */,
				685E44062AEA6BB100D19541 /* Urls.swift in Sources */,
				685DE4472AF121FE00688E3A /* DetailsViewController.swift in Sources */,
			);
			runOnlyForDeploymentPostprocessing = 0;
		};
/* End PBXSourcesBuildPhase section */

/* Begin PBXTargetDependency section */
		68179A262AFCEABF0075C2A8 /* PBXTargetDependency */ = {
			isa = PBXTargetDependency;
			target = 68C58A572AE822B600C473FA /* MarvelComicsApp */;
			targetProxy = 68179A252AFCEABF0075C2A8 /* PBXContainerItemProxy */;
		};
/* End PBXTargetDependency section */

/* Begin XCBuildConfiguration section */
		68179A272AFCEABF0075C2A8 /* Debug */ = {
			isa = XCBuildConfiguration;
			buildSettings = {
				BUNDLE_LOADER = "$(TEST_HOST)";
				CODE_SIGN_STYLE = Automatic;
				CURRENT_PROJECT_VERSION = 1;
				GENERATE_INFOPLIST_FILE = YES;
				MARKETING_VERSION = 1.0;
				PRODUCT_BUNDLE_IDENTIFIER = com.BulssEyeSimao.MarvelComicsAppTests;
				PRODUCT_NAME = "$(TARGET_NAME)";
				SWIFT_EMIT_LOC_STRINGS = NO;
				SWIFT_VERSION = 5.0;
				TARGETED_DEVICE_FAMILY = "1,2";
				TEST_HOST = "$(BUILT_PRODUCTS_DIR)/MarvelComicsApp.app/$(BUNDLE_EXECUTABLE_FOLDER_PATH)/MarvelComicsApp";
			};
			name = Debug;
		};
		68179A282AFCEABF0075C2A8 /* Release */ = {
			isa = XCBuildConfiguration;
			buildSettings = {
				BUNDLE_LOADER = "$(TEST_HOST)";
				CODE_SIGN_STYLE = Automatic;
				CURRENT_PROJECT_VERSION = 1;
				GENERATE_INFOPLIST_FILE = YES;
				MARKETING_VERSION = 1.0;
				PRODUCT_BUNDLE_IDENTIFIER = com.BulssEyeSimao.MarvelComicsAppTests;
				PRODUCT_NAME = "$(TARGET_NAME)";
				SWIFT_EMIT_LOC_STRINGS = NO;
				SWIFT_VERSION = 5.0;
				TARGETED_DEVICE_FAMILY = "1,2";
				TEST_HOST = "$(BUILT_PRODUCTS_DIR)/MarvelComicsApp.app/$(BUNDLE_EXECUTABLE_FOLDER_PATH)/MarvelComicsApp";
			};
			name = Release;
		};
		68C58A6A2AE822B800C473FA /* Debug */ = {
			isa = XCBuildConfiguration;
			buildSettings = {
				ALWAYS_SEARCH_USER_PATHS = NO;
				CLANG_ANALYZER_NONNULL = YES;
				CLANG_ANALYZER_NUMBER_OBJECT_CONVERSION = YES_AGGRESSIVE;
				CLANG_CXX_LANGUAGE_STANDARD = "gnu++20";
				CLANG_ENABLE_MODULES = YES;
				CLANG_ENABLE_OBJC_ARC = YES;
				CLANG_ENABLE_OBJC_WEAK = YES;
				CLANG_WARN_BLOCK_CAPTURE_AUTORELEASING = YES;
				CLANG_WARN_BOOL_CONVERSION = YES;
				CLANG_WARN_COMMA = YES;
				CLANG_WARN_CONSTANT_CONVERSION = YES;
				CLANG_WARN_DEPRECATED_OBJC_IMPLEMENTATIONS = YES;
				CLANG_WARN_DIRECT_OBJC_ISA_USAGE = YES_ERROR;
				CLANG_WARN_DOCUMENTATION_COMMENTS = YES;
				CLANG_WARN_EMPTY_BODY = YES;
				CLANG_WARN_ENUM_CONVERSION = YES;
				CLANG_WARN_INFINITE_RECURSION = YES;
				CLANG_WARN_INT_CONVERSION = YES;
				CLANG_WARN_NON_LITERAL_NULL_CONVERSION = YES;
				CLANG_WARN_OBJC_IMPLICIT_RETAIN_SELF = YES;
				CLANG_WARN_OBJC_LITERAL_CONVERSION = YES;
				CLANG_WARN_OBJC_ROOT_CLASS = YES_ERROR;
				CLANG_WARN_QUOTED_INCLUDE_IN_FRAMEWORK_HEADER = YES;
				CLANG_WARN_RANGE_LOOP_ANALYSIS = YES;
				CLANG_WARN_STRICT_PROTOTYPES = YES;
				CLANG_WARN_SUSPICIOUS_MOVE = YES;
				CLANG_WARN_UNGUARDED_AVAILABILITY = YES_AGGRESSIVE;
				CLANG_WARN_UNREACHABLE_CODE = YES;
				CLANG_WARN__DUPLICATE_METHOD_MATCH = YES;
				COPY_PHASE_STRIP = NO;
				DEBUG_INFORMATION_FORMAT = dwarf;
				ENABLE_STRICT_OBJC_MSGSEND = YES;
				ENABLE_TESTABILITY = YES;
				GCC_C_LANGUAGE_STANDARD = gnu11;
				GCC_DYNAMIC_NO_PIC = NO;
				GCC_NO_COMMON_BLOCKS = YES;
				GCC_OPTIMIZATION_LEVEL = 0;
				GCC_PREPROCESSOR_DEFINITIONS = (
					"DEBUG=1",
					"$(inherited)",
				);
				GCC_WARN_64_TO_32_BIT_CONVERSION = YES;
				GCC_WARN_ABOUT_RETURN_TYPE = YES_ERROR;
				GCC_WARN_UNDECLARED_SELECTOR = YES;
				GCC_WARN_UNINITIALIZED_AUTOS = YES_AGGRESSIVE;
				GCC_WARN_UNUSED_FUNCTION = YES;
				GCC_WARN_UNUSED_VARIABLE = YES;
				IPHONEOS_DEPLOYMENT_TARGET = 16.4;
				MTL_ENABLE_DEBUG_INFO = INCLUDE_SOURCE;
				MTL_FAST_MATH = YES;
				ONLY_ACTIVE_ARCH = YES;
				SDKROOT = iphoneos;
				SWIFT_ACTIVE_COMPILATION_CONDITIONS = DEBUG;
				SWIFT_OPTIMIZATION_LEVEL = "-Onone";
			};
			name = Debug;
		};
		68C58A6B2AE822B800C473FA /* Release */ = {
			isa = XCBuildConfiguration;
			buildSettings = {
				ALWAYS_SEARCH_USER_PATHS = NO;
				CLANG_ANALYZER_NONNULL = YES;
				CLANG_ANALYZER_NUMBER_OBJECT_CONVERSION = YES_AGGRESSIVE;
				CLANG_CXX_LANGUAGE_STANDARD = "gnu++20";
				CLANG_ENABLE_MODULES = YES;
				CLANG_ENABLE_OBJC_ARC = YES;
				CLANG_ENABLE_OBJC_WEAK = YES;
				CLANG_WARN_BLOCK_CAPTURE_AUTORELEASING = YES;
				CLANG_WARN_BOOL_CONVERSION = YES;
				CLANG_WARN_COMMA = YES;
				CLANG_WARN_CONSTANT_CONVERSION = YES;
				CLANG_WARN_DEPRECATED_OBJC_IMPLEMENTATIONS = YES;
				CLANG_WARN_DIRECT_OBJC_ISA_USAGE = YES_ERROR;
				CLANG_WARN_DOCUMENTATION_COMMENTS = YES;
				CLANG_WARN_EMPTY_BODY = YES;
				CLANG_WARN_ENUM_CONVERSION = YES;
				CLANG_WARN_INFINITE_RECURSION = YES;
				CLANG_WARN_INT_CONVERSION = YES;
				CLANG_WARN_NON_LITERAL_NULL_CONVERSION = YES;
				CLANG_WARN_OBJC_IMPLICIT_RETAIN_SELF = YES;
				CLANG_WARN_OBJC_LITERAL_CONVERSION = YES;
				CLANG_WARN_OBJC_ROOT_CLASS = YES_ERROR;
				CLANG_WARN_QUOTED_INCLUDE_IN_FRAMEWORK_HEADER = YES;
				CLANG_WARN_RANGE_LOOP_ANALYSIS = YES;
				CLANG_WARN_STRICT_PROTOTYPES = YES;
				CLANG_WARN_SUSPICIOUS_MOVE = YES;
				CLANG_WARN_UNGUARDED_AVAILABILITY = YES_AGGRESSIVE;
				CLANG_WARN_UNREACHABLE_CODE = YES;
				CLANG_WARN__DUPLICATE_METHOD_MATCH = YES;
				COPY_PHASE_STRIP = NO;
				DEBUG_INFORMATION_FORMAT = "dwarf-with-dsym";
				ENABLE_NS_ASSERTIONS = NO;
				ENABLE_STRICT_OBJC_MSGSEND = YES;
				GCC_C_LANGUAGE_STANDARD = gnu11;
				GCC_NO_COMMON_BLOCKS = YES;
				GCC_WARN_64_TO_32_BIT_CONVERSION = YES;
				GCC_WARN_ABOUT_RETURN_TYPE = YES_ERROR;
				GCC_WARN_UNDECLARED_SELECTOR = YES;
				GCC_WARN_UNINITIALIZED_AUTOS = YES_AGGRESSIVE;
				GCC_WARN_UNUSED_FUNCTION = YES;
				GCC_WARN_UNUSED_VARIABLE = YES;
				IPHONEOS_DEPLOYMENT_TARGET = 16.4;
				MTL_ENABLE_DEBUG_INFO = NO;
				MTL_FAST_MATH = YES;
				SDKROOT = iphoneos;
				SWIFT_COMPILATION_MODE = wholemodule;
				SWIFT_OPTIMIZATION_LEVEL = "-O";
				VALIDATE_PRODUCT = YES;
			};
			name = Release;
		};
		68C58A6D2AE822B800C473FA /* Debug */ = {
			isa = XCBuildConfiguration;
			buildSettings = {
				ASSETCATALOG_COMPILER_APPICON_NAME = AppIcon;
				ASSETCATALOG_COMPILER_GLOBAL_ACCENT_COLOR_NAME = AccentColor;
				CODE_SIGN_STYLE = Automatic;
				CURRENT_PROJECT_VERSION = 1;
				GENERATE_INFOPLIST_FILE = YES;
				INFOPLIST_FILE = MarvelComicsApp/Resources/Info.plist;
				INFOPLIST_KEY_UIApplicationSupportsIndirectInputEvents = YES;
				INFOPLIST_KEY_UISupportedInterfaceOrientations_iPad = "UIInterfaceOrientationPortrait UIInterfaceOrientationPortraitUpsideDown UIInterfaceOrientationLandscapeLeft UIInterfaceOrientationLandscapeRight";
				INFOPLIST_KEY_UISupportedInterfaceOrientations_iPhone = "UIInterfaceOrientationPortrait UIInterfaceOrientationLandscapeLeft UIInterfaceOrientationLandscapeRight";
				LD_RUNPATH_SEARCH_PATHS = (
					"$(inherited)",
					"@executable_path/Frameworks",
				);
				MARKETING_VERSION = 1.0;
				PRODUCT_BUNDLE_IDENTIFIER = com.BulssEyeSimao.MarvelComicsApp;
				PRODUCT_NAME = "$(TARGET_NAME)";
				SWIFT_EMIT_LOC_STRINGS = YES;
				SWIFT_VERSION = 5.0;
				TARGETED_DEVICE_FAMILY = "1,2";
			};
			name = Debug;
		};
		68C58A6E2AE822B800C473FA /* Release */ = {
			isa = XCBuildConfiguration;
			buildSettings = {
				ASSETCATALOG_COMPILER_APPICON_NAME = AppIcon;
				ASSETCATALOG_COMPILER_GLOBAL_ACCENT_COLOR_NAME = AccentColor;
				CODE_SIGN_STYLE = Automatic;
				CURRENT_PROJECT_VERSION = 1;
				GENERATE_INFOPLIST_FILE = YES;
				INFOPLIST_FILE = MarvelComicsApp/Resources/Info.plist;
				INFOPLIST_KEY_UIApplicationSupportsIndirectInputEvents = YES;
				INFOPLIST_KEY_UISupportedInterfaceOrientations_iPad = "UIInterfaceOrientationPortrait UIInterfaceOrientationPortraitUpsideDown UIInterfaceOrientationLandscapeLeft UIInterfaceOrientationLandscapeRight";
				INFOPLIST_KEY_UISupportedInterfaceOrientations_iPhone = "UIInterfaceOrientationPortrait UIInterfaceOrientationLandscapeLeft UIInterfaceOrientationLandscapeRight";
				LD_RUNPATH_SEARCH_PATHS = (
					"$(inherited)",
					"@executable_path/Frameworks",
				);
				MARKETING_VERSION = 1.0;
				PRODUCT_BUNDLE_IDENTIFIER = com.BulssEyeSimao.MarvelComicsApp;
				PRODUCT_NAME = "$(TARGET_NAME)";
				SWIFT_EMIT_LOC_STRINGS = YES;
				SWIFT_VERSION = 5.0;
				TARGETED_DEVICE_FAMILY = "1,2";
			};
			name = Release;
		};
/* End XCBuildConfiguration section */

/* Begin XCConfigurationList section */
		68179A292AFCEABF0075C2A8 /* Build configuration list for PBXNativeTarget "MarvelComicsAppTests" */ = {
			isa = XCConfigurationList;
			buildConfigurations = (
				68179A272AFCEABF0075C2A8 /* Debug */,
				68179A282AFCEABF0075C2A8 /* Release */,
			);
			defaultConfigurationIsVisible = 0;
			defaultConfigurationName = Release;
		};
		68C58A532AE822B600C473FA /* Build configuration list for PBXProject "MarvelComicsApp" */ = {
			isa = XCConfigurationList;
			buildConfigurations = (
				68C58A6A2AE822B800C473FA /* Debug */,
				68C58A6B2AE822B800C473FA /* Release */,
			);
			defaultConfigurationIsVisible = 0;
			defaultConfigurationName = Release;
		};
		68C58A6C2AE822B800C473FA /* Build configuration list for PBXNativeTarget "MarvelComicsApp" */ = {
			isa = XCConfigurationList;
			buildConfigurations = (
				68C58A6D2AE822B800C473FA /* Debug */,
				68C58A6E2AE822B800C473FA /* Release */,
			);
			defaultConfigurationIsVisible = 0;
			defaultConfigurationName = Release;
		};
/* End XCConfigurationList section */
	};
	rootObject = 68C58A502AE822B600C473FA /* Project object */;
}
